// !$*UTF8*$!
{
	archiveVersion = 1;
	classes = {
	};
	objectVersion = 46;
	objects = {

/* Begin PBXBuildFile section */
		C12F8695148FFA340033AD3D /* Bridge.m in Sources */ = {isa = PBXBuildFile; fileRef = C12F8694148FFA340033AD3D /* Bridge.m */; };
		C12F869D148FFEFC0033AD3D /* YAJLiOS.framework in Frameworks */ = {isa = PBXBuildFile; fileRef = C12F869C148FFEFC0033AD3D /* YAJLiOS.framework */; };
		C12F869F1490029E0033AD3D /* core.js in Sources */ = {isa = PBXBuildFile; fileRef = C12F869E1490029E0033AD3D /* core.js */; };
		C12F86A31490157F0033AD3D /* app.js in Sources */ = {isa = PBXBuildFile; fileRef = C12F86A21490157F0033AD3D /* app.js */; };
		C12F86A51490159E0033AD3D /* core.js in Resources */ = {isa = PBXBuildFile; fileRef = C12F869E1490029E0033AD3D /* core.js */; };
		C12F86A6149015A30033AD3D /* app.js in Resources */ = {isa = PBXBuildFile; fileRef = C12F86A21490157F0033AD3D /* app.js */; };
		C1D7D47A148FE2E9009105EF /* UIKit.framework in Frameworks */ = {isa = PBXBuildFile; fileRef = C1D7D479148FE2E9009105EF /* UIKit.framework */; };
		C1D7D47C148FE2E9009105EF /* Foundation.framework in Frameworks */ = {isa = PBXBuildFile; fileRef = C1D7D47B148FE2E9009105EF /* Foundation.framework */; };
		C1D7D47E148FE2E9009105EF /* CoreGraphics.framework in Frameworks */ = {isa = PBXBuildFile; fileRef = C1D7D47D148FE2E9009105EF /* CoreGraphics.framework */; };
		C1D7D484148FE2E9009105EF /* InfoPlist.strings in Resources */ = {isa = PBXBuildFile; fileRef = C1D7D482148FE2E9009105EF /* InfoPlist.strings */; };
		C1D7D486148FE2E9009105EF /* main.m in Sources */ = {isa = PBXBuildFile; fileRef = C1D7D485148FE2E9009105EF /* main.m */; };
		C1D7D48A148FE2E9009105EF /* AppDelegate.m in Sources */ = {isa = PBXBuildFile; fileRef = C1D7D489148FE2E9009105EF /* AppDelegate.m */; };
		C1D7D48D148FE2E9009105EF /* ViewController.m in Sources */ = {isa = PBXBuildFile; fileRef = C1D7D48C148FE2E9009105EF /* ViewController.m */; };
		C1D7D490148FE2E9009105EF /* ViewController.xib in Resources */ = {isa = PBXBuildFile; fileRef = C1D7D48E148FE2E9009105EF /* ViewController.xib */; };
/* End PBXBuildFile section */

/* Begin PBXFileReference section */
		C12F8693148FFA340033AD3D /* Bridge.h */ = {isa = PBXFileReference; fileEncoding = 4; lastKnownFileType = sourcecode.c.h; path = Bridge.h; sourceTree = "<group>"; };
		C12F8694148FFA340033AD3D /* Bridge.m */ = {isa = PBXFileReference; fileEncoding = 4; lastKnownFileType = sourcecode.c.objc; path = Bridge.m; sourceTree = "<group>"; };
		C12F869C148FFEFC0033AD3D /* YAJLiOS.framework */ = {isa = PBXFileReference; lastKnownFileType = wrapper.framework; name = YAJLiOS.framework; path = 3rdParty/YAJLiOS.framework; sourceTree = "<group>"; };
		C12F869E1490029E0033AD3D /* core.js */ = {isa = PBXFileReference; explicitFileType = text.json; fileEncoding = 4; path = core.js; sourceTree = "<group>"; };
		C12F86A21490157F0033AD3D /* app.js */ = {isa = PBXFileReference; fileEncoding = 4; lastKnownFileType = sourcecode.javascript; path = app.js; sourceTree = "<group>"; };
		C1D7D475148FE2E9009105EF /* WebView Bridge.app */ = {isa = PBXFileReference; explicitFileType = wrapper.application; includeInIndex = 0; path = "WebView Bridge.app"; sourceTree = BUILT_PRODUCTS_DIR; };
		C1D7D479148FE2E9009105EF /* UIKit.framework */ = {isa = PBXFileReference; lastKnownFileType = wrapper.framework; name = UIKit.framework; path = System/Library/Frameworks/UIKit.framework; sourceTree = SDKROOT; };
		C1D7D47B148FE2E9009105EF /* Foundation.framework */ = {isa = PBXFileReference; lastKnownFileType = wrapper.framework; name = Foundation.framework; path = System/Library/Frameworks/Foundation.framework; sourceTree = SDKROOT; };
		C1D7D47D148FE2E9009105EF /* CoreGraphics.framework */ = {isa = PBXFileReference; lastKnownFileType = wrapper.framework; name = CoreGraphics.framework; path = System/Library/Frameworks/CoreGraphics.framework; sourceTree = SDKROOT; };
		C1D7D481148FE2E9009105EF /* WebView Bridge-Info.plist */ = {isa = PBXFileReference; lastKnownFileType = text.plist.xml; path = "WebView Bridge-Info.plist"; sourceTree = "<group>"; };
		C1D7D483148FE2E9009105EF /* en */ = {isa = PBXFileReference; lastKnownFileType = text.plist.strings; name = en; path = en.lproj/InfoPlist.strings; sourceTree = "<group>"; };
		C1D7D485148FE2E9009105EF /* main.m */ = {isa = PBXFileReference; lastKnownFileType = sourcecode.c.objc; path = main.m; sourceTree = "<group>"; };
		C1D7D487148FE2E9009105EF /* WebView Bridge-Prefix.pch */ = {isa = PBXFileReference; lastKnownFileType = sourcecode.c.h; path = "WebView Bridge-Prefix.pch"; sourceTree = "<group>"; };
		C1D7D488148FE2E9009105EF /* AppDelegate.h */ = {isa = PBXFileReference; lastKnownFileType = sourcecode.c.h; path = AppDelegate.h; sourceTree = "<group>"; };
		C1D7D489148FE2E9009105EF /* AppDelegate.m */ = {isa = PBXFileReference; lastKnownFileType = sourcecode.c.objc; path = AppDelegate.m; sourceTree = "<group>"; };
		C1D7D48B148FE2E9009105EF /* ViewController.h */ = {isa = PBXFileReference; lastKnownFileType = sourcecode.c.h; path = ViewController.h; sourceTree = "<group>"; };
		C1D7D48C148FE2E9009105EF /* ViewController.m */ = {isa = PBXFileReference; lastKnownFileType = sourcecode.c.objc; path = ViewController.m; sourceTree = "<group>"; };
		C1D7D48F148FE2E9009105EF /* en */ = {isa = PBXFileReference; lastKnownFileType = file.xib; name = en; path = en.lproj/ViewController.xib; sourceTree = "<group>"; };
/* End PBXFileReference section */

/* Begin PBXFrameworksBuildPhase section */
		C1D7D472148FE2E9009105EF /* Frameworks */ = {
			isa = PBXFrameworksBuildPhase;
			buildActionMask = 2147483647;
			files = (
				C1D7D47A148FE2E9009105EF /* UIKit.framework in Frameworks */,
				C1D7D47C148FE2E9009105EF /* Foundation.framework in Frameworks */,
				C1D7D47E148FE2E9009105EF /* CoreGraphics.framework in Frameworks */,
				C12F869D148FFEFC0033AD3D /* YAJLiOS.framework in Frameworks */,
			);
			runOnlyForDeploymentPostprocessing = 0;
		};
/* End PBXFrameworksBuildPhase section */

/* Begin PBXGroup section */
		C1D7D46A148FE2E9009105EF = {
			isa = PBXGroup;
			children = (
				C1D7D47F148FE2E9009105EF /* WebView Bridge */,
				C1D7D478148FE2E9009105EF /* Frameworks */,
				C1D7D476148FE2E9009105EF /* Products */,
			);
			sourceTree = "<group>";
		};
		C1D7D476148FE2E9009105EF /* Products */ = {
			isa = PBXGroup;
			children = (
				C1D7D475148FE2E9009105EF /* WebView Bridge.app */,
			);
			name = Products;
			sourceTree = "<group>";
		};
		C1D7D478148FE2E9009105EF /* Frameworks */ = {
			isa = PBXGroup;
			children = (
				C12F869C148FFEFC0033AD3D /* YAJLiOS.framework */,
				C1D7D479148FE2E9009105EF /* UIKit.framework */,
				C1D7D47B148FE2E9009105EF /* Foundation.framework */,
				C1D7D47D148FE2E9009105EF /* CoreGraphics.framework */,
			);
			name = Frameworks;
			sourceTree = "<group>";
		};
		C1D7D47F148FE2E9009105EF /* WebView Bridge */ = {
			isa = PBXGroup;
			children = (
				C1D7D488148FE2E9009105EF /* AppDelegate.h */,
				C1D7D489148FE2E9009105EF /* AppDelegate.m */,
				C1D7D48B148FE2E9009105EF /* ViewController.h */,
				C1D7D48C148FE2E9009105EF /* ViewController.m */,
				C1D7D48E148FE2E9009105EF /* ViewController.xib */,
				C1D7D480148FE2E9009105EF /* Supporting Files */,
				C12F8693148FFA340033AD3D /* Bridge.h */,
				C12F8694148FFA340033AD3D /* Bridge.m */,
				C12F869E1490029E0033AD3D /* core.js */,
				C12F86A21490157F0033AD3D /* app.js */,
			);
			path = "WebView Bridge";
			sourceTree = "<group>";
		};
		C1D7D480148FE2E9009105EF /* Supporting Files */ = {
			isa = PBXGroup;
			children = (
				C1D7D481148FE2E9009105EF /* WebView Bridge-Info.plist */,
				C1D7D482148FE2E9009105EF /* InfoPlist.strings */,
				C1D7D485148FE2E9009105EF /* main.m */,
				C1D7D487148FE2E9009105EF /* WebView Bridge-Prefix.pch */,
			);
			name = "Supporting Files";
			sourceTree = "<group>";
		};
/* End PBXGroup section */

/* Begin PBXNativeTarget section */
		C1D7D474148FE2E9009105EF /* WebView Bridge */ = {
			isa = PBXNativeTarget;
			buildConfigurationList = C1D7D493148FE2E9009105EF /* Build configuration list for PBXNativeTarget "WebView Bridge" */;
			buildPhases = (
				C1D7D471148FE2E9009105EF /* Sources */,
				C1D7D472148FE2E9009105EF /* Frameworks */,
				C1D7D473148FE2E9009105EF /* Resources */,
			);
			buildRules = (
			);
			dependencies = (
			);
			name = "WebView Bridge";
			productName = "WebView Bridge";
			productReference = C1D7D475148FE2E9009105EF /* WebView Bridge.app */;
			productType = "com.apple.product-type.application";
		};
/* End PBXNativeTarget section */

/* Begin PBXProject section */
		C1D7D46C148FE2E9009105EF /* Project object */ = {
			isa = PBXProject;
			attributes = {
				LastUpgradeCheck = 0420;
			};
			buildConfigurationList = C1D7D46F148FE2E9009105EF /* Build configuration list for PBXProject "WebView Bridge" */;
			compatibilityVersion = "Xcode 3.2";
			developmentRegion = English;
			hasScannedForEncodings = 0;
			knownRegions = (
				en,
			);
			mainGroup = C1D7D46A148FE2E9009105EF;
			productRefGroup = C1D7D476148FE2E9009105EF /* Products */;
			projectDirPath = "";
			projectRoot = "";
			targets = (
				C1D7D474148FE2E9009105EF /* WebView Bridge */,
			);
		};
/* End PBXProject section */

/* Begin PBXResourcesBuildPhase section */
		C1D7D473148FE2E9009105EF /* Resources */ = {
			isa = PBXResourcesBuildPhase;
			buildActionMask = 2147483647;
			files = (
				C1D7D484148FE2E9009105EF /* InfoPlist.strings in Resources */,
				C1D7D490148FE2E9009105EF /* ViewController.xib in Resources */,
				C12F86A6149015A30033AD3D /* app.js in Resources */,
				C12F86A51490159E0033AD3D /* core.js in Resources */,
			);
			runOnlyForDeploymentPostprocessing = 0;
		};
/* End PBXResourcesBuildPhase section */

/* Begin PBXSourcesBuildPhase section */
		C1D7D471148FE2E9009105EF /* Sources */ = {
			isa = PBXSourcesBuildPhase;
			buildActionMask = 2147483647;
			files = (
				C1D7D486148FE2E9009105EF /* main.m in Sources */,
				C1D7D48A148FE2E9009105EF /* AppDelegate.m in Sources */,
				C1D7D48D148FE2E9009105EF /* ViewController.m in Sources */,
				C12F8695148FFA340033AD3D /* Bridge.m in Sources */,
				C12F869F1490029E0033AD3D /* core.js in Sources */,
				C12F86A31490157F0033AD3D /* app.js in Sources */,
			);
			runOnlyForDeploymentPostprocessing = 0;
		};
/* End PBXSourcesBuildPhase section */

/* Begin PBXVariantGroup section */
		C1D7D482148FE2E9009105EF /* InfoPlist.strings */ = {
			isa = PBXVariantGroup;
			children = (
				C1D7D483148FE2E9009105EF /* en */,
			);
			name = InfoPlist.strings;
			sourceTree = "<group>";
		};
		C1D7D48E148FE2E9009105EF /* ViewController.xib */ = {
			isa = PBXVariantGroup;
			children = (
				C1D7D48F148FE2E9009105EF /* en */,
			);
			name = ViewController.xib;
			sourceTree = "<group>";
		};
/* End PBXVariantGroup section */

/* Begin XCBuildConfiguration section */
		C1D7D491148FE2E9009105EF /* Debug */ = {
			isa = XCBuildConfiguration;
			buildSettings = {
				ALWAYS_SEARCH_USER_PATHS = NO;
				ARCHS = "$(ARCHS_STANDARD_32_BIT)";
				"CODE_SIGN_IDENTITY[sdk=iphoneos*]" = "iPhone Developer";
				COPY_PHASE_STRIP = NO;
				GCC_C_LANGUAGE_STANDARD = gnu99;
				GCC_DYNAMIC_NO_PIC = NO;
				GCC_OPTIMIZATION_LEVEL = 0;
				GCC_PREPROCESSOR_DEFINITIONS = (
					"DEBUG=1",
					"$(inherited)",
				);
				GCC_SYMBOLS_PRIVATE_EXTERN = NO;
				GCC_VERSION = com.apple.compilers.llvm.clang.1_0;
				GCC_WARN_ABOUT_MISSING_PROTOTYPES = YES;
				GCC_WARN_ABOUT_RETURN_TYPE = YES;
				GCC_WARN_UNUSED_VARIABLE = YES;
				IPHONEOS_DEPLOYMENT_TARGET = 5.0;
				OTHER_LDFLAGS = (
					"-ObjC",
					"-all_load",
				);
				SDKROOT = iphoneos;
			};
			name = Debug;
		};
		C1D7D492148FE2E9009105EF /* Release */ = {
			isa = XCBuildConfiguration;
			buildSettings = {
				ALWAYS_SEARCH_USER_PATHS = NO;
				ARCHS = "$(ARCHS_STANDARD_32_BIT)";
				"CODE_SIGN_IDENTITY[sdk=iphoneos*]" = "iPhone Developer";
				COPY_PHASE_STRIP = YES;
				GCC_C_LANGUAGE_STANDARD = gnu99;
				GCC_VERSION = com.apple.compilers.llvm.clang.1_0;
				GCC_WARN_ABOUT_MISSING_PROTOTYPES = YES;
				GCC_WARN_ABOUT_RETURN_TYPE = YES;
				GCC_WARN_UNUSED_VARIABLE = YES;
				IPHONEOS_DEPLOYMENT_TARGET = 5.0;
				OTHER_CFLAGS = "-DNS_BLOCK_ASSERTIONS=1";
				OTHER_LDFLAGS = (
					"-ObjC",
					"-all_load",
				);
				SDKROOT = iphoneos;
				VALIDATE_PRODUCT = YES;
			};
			name = Release;
		};
		C1D7D494148FE2E9009105EF /* Debug */ = {
			isa = XCBuildConfiguration;
			buildSettings = {
				FRAMEWORK_SEARCH_PATHS = (
					"$(inherited)",
					"\"$(SRCROOT)/3rdParty\"",
				);
				GCC_PRECOMPILE_PREFIX_HEADER = YES;
				GCC_PREFIX_HEADER = "WebView Bridge/WebView Bridge-Prefix.pch";
				INFOPLIST_FILE = "WebView Bridge/WebView Bridge-Info.plist";
				PRODUCT_NAME = "$(TARGET_NAME)";
				WRAPPER_EXTENSION = app;
			};
			name = Debug;
		};
		C1D7D495148FE2E9009105EF /* Release */ = {
			isa = XCBuildConfiguration;
			buildSettings = {
				FRAMEWORK_SEARCH_PATHS = (
					"$(inherited)",
					"\"$(SRCROOT)/3rdParty\"",
				);
				GCC_PRECOMPILE_PREFIX_HEADER = YES;
				GCC_PREFIX_HEADER = "WebView Bridge/WebView Bridge-Prefix.pch";
				INFOPLIST_FILE = "WebView Bridge/WebView Bridge-Info.plist";
				PRODUCT_NAME = "$(TARGET_NAME)";
				WRAPPER_EXTENSION = app;
			};
			name = Release;
		};
/* End XCBuildConfiguration section */

/* Begin XCConfigurationList section */
		C1D7D46F148FE2E9009105EF /* Build configuration list for PBXProject "WebView Bridge" */ = {
			isa = XCConfigurationList;
			buildConfigurations = (
				C1D7D491148FE2E9009105EF /* Debug */,
				C1D7D492148FE2E9009105EF /* Release */,
			);
			defaultConfigurationIsVisible = 0;
			defaultConfigurationName = Release;
		};
		C1D7D493148FE2E9009105EF /* Build configuration list for PBXNativeTarget "WebView Bridge" */ = {
			isa = XCConfigurationList;
			buildConfigurations = (
				C1D7D494148FE2E9009105EF /* Debug */,
				C1D7D495148FE2E9009105EF /* Release */,
			);
			defaultConfigurationIsVisible = 0;
			defaultConfigurationName = Release;
		};
/* End XCConfigurationList section */
	};
	rootObject = C1D7D46C148FE2E9009105EF /* Project object */;
}
