// !$*UTF8*$!
{
	archiveVersion = 1;
	classes = {
	};
	objectVersion = 45;
	objects = {

/* Begin PBXBuildFile section */
		1D3623260D0F684500981E51 /* DWMBAppDelegate.m in Sources */ = {isa = PBXBuildFile; fileRef = 1D3623250D0F684500981E51 /* DWMBAppDelegate.m */; };
		1D60589B0D05DD56006BFB54 /* main.m in Sources */ = {isa = PBXBuildFile; fileRef = 29B97316FDCFA39411CA2CEA /* main.m */; };
		1D60589F0D05DD5A006BFB54 /* Foundation.framework in Frameworks */ = {isa = PBXBuildFile; fileRef = 1D30AB110D05D00D00671497 /* Foundation.framework */; };
		1DF5F4E00D08C38300B7A737 /* UIKit.framework in Frameworks */ = {isa = PBXBuildFile; fileRef = 1DF5F4DF0D08C38300B7A737 /* UIKit.framework */; };
		2892E4100DC94CBA00A64D0F /* CoreGraphics.framework in Frameworks */ = {isa = PBXBuildFile; fileRef = 2892E40F0DC94CBA00A64D0F /* CoreGraphics.framework */; };
		28AD73600D9D9599002E5188 /* MainWindow.xib in Resources */ = {isa = PBXBuildFile; fileRef = 28AD735F0D9D9599002E5188 /* MainWindow.xib */; };
		28C286E10D94DF7D0034E888 /* StationsTVC.m in Sources */ = {isa = PBXBuildFile; fileRef = 28C286E00D94DF7D0034E888 /* StationsTVC.m */; };
		28F335F11007B36200424DE2 /* RootViewController.xib in Resources */ = {isa = PBXBuildFile; fileRef = 28F335F01007B36200424DE2 /* RootViewController.xib */; };
		D631C1E113C56E17006D020F /* Station.m in Sources */ = {isa = PBXBuildFile; fileRef = D631C1E013C56E17006D020F /* Station.m */; };
		D631C28A13C5769D006D020F /* UpcomingDeparturesTVC.m in Sources */ = {isa = PBXBuildFile; fileRef = D631C28913C5769D006D020F /* UpcomingDeparturesTVC.m */; };
		D64608F313CA5C1400604011 /* BART shear.png in Resources */ = {isa = PBXBuildFile; fileRef = D64608F213CA5C1400604011 /* BART shear.png */; };
		D64609F713CA9E4200604011 /* icon.png in Resources */ = {isa = PBXBuildFile; fileRef = D64609F513CA9E4200604011 /* icon.png */; };
		D6460A4C13CAA22B00604011 /* Default.png in Resources */ = {isa = PBXBuildFile; fileRef = D6460A4B13CAA22B00604011 /* Default.png */; };
		D64CB45A13C7E20F0051FE31 /* RootViewController.m in Sources */ = {isa = PBXBuildFile; fileRef = D64CB45913C7E20F0051FE31 /* RootViewController.m */; };
		D669C67D148D5994001D13C1 /* MainWindow.xib in Resources */ = {isa = PBXBuildFile; fileRef = 28AD735F0D9D9599002E5188 /* MainWindow.xib */; };
		D669C67E148D5994001D13C1 /* RootViewController.xib in Resources */ = {isa = PBXBuildFile; fileRef = 28F335F01007B36200424DE2 /* RootViewController.xib */; };
		D669C67F148D5994001D13C1 /* station_info.json in Resources */ = {isa = PBXBuildFile; fileRef = D6B2910D13C56A320057CA4D /* station_info.json */; };
		D669C680148D5994001D13C1 /* BART shear.png in Resources */ = {isa = PBXBuildFile; fileRef = D64608F213CA5C1400604011 /* BART shear.png */; };
		D669C681148D5994001D13C1 /* icon.png in Resources */ = {isa = PBXBuildFile; fileRef = D64609F513CA9E4200604011 /* icon.png */; };
		D669C682148D5994001D13C1 /* Default.png in Resources */ = {isa = PBXBuildFile; fileRef = D6460A4B13CAA22B00604011 /* Default.png */; };
		D669C683148D5994001D13C1 /* LocationDark.png in Resources */ = {isa = PBXBuildFile; fileRef = D6E56B4713D1D9D000399FC6 /* LocationDark.png */; };
		D669C684148D5994001D13C1 /* LocationDark@2x.png in Resources */ = {isa = PBXBuildFile; fileRef = D6E56B4813D1D9D000399FC6 /* LocationDark@2x.png */; };
		D669C685148D5994001D13C1 /* Location.png in Resources */ = {isa = PBXBuildFile; fileRef = D6E56B4B13D1DA5000399FC6 /* Location.png */; };
		D669C686148D5994001D13C1 /* Location@2x.png in Resources */ = {isa = PBXBuildFile; fileRef = D6E56B4D13D1DA5900399FC6 /* Location@2x.png */; };
		D669C687148D5994001D13C1 /* LocationLarge.png in Resources */ = {isa = PBXBuildFile; fileRef = D6E56B4F13D1DAED00399FC6 /* LocationLarge.png */; };
		D669C689148D5994001D13C1 /* main.m in Sources */ = {isa = PBXBuildFile; fileRef = 29B97316FDCFA39411CA2CEA /* main.m */; };
		D669C68A148D5994001D13C1 /* DWMBAppDelegate.m in Sources */ = {isa = PBXBuildFile; fileRef = 1D3623250D0F684500981E51 /* DWMBAppDelegate.m */; };
		D669C68B148D5994001D13C1 /* StationsTVC.m in Sources */ = {isa = PBXBuildFile; fileRef = 28C286E00D94DF7D0034E888 /* StationsTVC.m */; };
		D669C68C148D5994001D13C1 /* Station.m in Sources */ = {isa = PBXBuildFile; fileRef = D631C1E013C56E17006D020F /* Station.m */; };
		D669C68D148D5994001D13C1 /* UpcomingDeparturesTVC.m in Sources */ = {isa = PBXBuildFile; fileRef = D631C28913C5769D006D020F /* UpcomingDeparturesTVC.m */; };
		D669C68E148D5994001D13C1 /* GTMHTTPFetcher.m in Sources */ = {isa = PBXBuildFile; fileRef = D671891413C5782800C90953 /* GTMHTTPFetcher.m */; };
		D669C68F148D5994001D13C1 /* GTMHTTPFetcherLogging.m in Sources */ = {isa = PBXBuildFile; fileRef = D671891613C5782800C90953 /* GTMHTTPFetcherLogging.m */; };
		D669C690148D5994001D13C1 /* RootViewController.m in Sources */ = {isa = PBXBuildFile; fileRef = D64CB45913C7E20F0051FE31 /* RootViewController.m */; };
		D669C692148D5994001D13C1 /* Foundation.framework in Frameworks */ = {isa = PBXBuildFile; fileRef = 1D30AB110D05D00D00671497 /* Foundation.framework */; };
		D669C693148D5994001D13C1 /* UIKit.framework in Frameworks */ = {isa = PBXBuildFile; fileRef = 1DF5F4DF0D08C38300B7A737 /* UIKit.framework */; };
		D669C694148D5994001D13C1 /* CoreGraphics.framework in Frameworks */ = {isa = PBXBuildFile; fileRef = 2892E40F0DC94CBA00A64D0F /* CoreGraphics.framework */; };
		D669C695148D5994001D13C1 /* YAJLiOS.framework in Frameworks */ = {isa = PBXBuildFile; fileRef = D6B2912F13C56BA80057CA4D /* YAJLiOS.framework */; };
		D669C696148D5994001D13C1 /* CoreLocation.framework in Frameworks */ = {isa = PBXBuildFile; fileRef = D6718BB613C598D900C90953 /* CoreLocation.framework */; };
		D669C6AF148D5A00001D13C1 /* frank_static_resources.bundle in Resources */ = {isa = PBXBuildFile; fileRef = D669C6A9148D5A00001D13C1 /* frank_static_resources.bundle */; };
		D669C6B0148D5A00001D13C1 /* libFrank.a in Frameworks */ = {isa = PBXBuildFile; fileRef = D669C6AA148D5A00001D13C1 /* libFrank.a */; };
		D669C6B1148D5A00001D13C1 /* libShelley.a in Frameworks */ = {isa = PBXBuildFile; fileRef = D669C6AB148D5A00001D13C1 /* libShelley.a */; };
		D669C6B3148D5A19001D13C1 /* CFNetwork.framework in Frameworks */ = {isa = PBXBuildFile; fileRef = D669C6B2148D5A19001D13C1 /* CFNetwork.framework */; };
		D671891713C5782800C90953 /* GTMHTTPFetcher.m in Sources */ = {isa = PBXBuildFile; fileRef = D671891413C5782800C90953 /* GTMHTTPFetcher.m */; };
		D671891813C5782800C90953 /* GTMHTTPFetcherLogging.m in Sources */ = {isa = PBXBuildFile; fileRef = D671891613C5782800C90953 /* GTMHTTPFetcherLogging.m */; };
		D6718BB713C598D900C90953 /* CoreLocation.framework in Frameworks */ = {isa = PBXBuildFile; fileRef = D6718BB613C598D900C90953 /* CoreLocation.framework */; };
		D6B2910E13C56A320057CA4D /* station_info.json in Resources */ = {isa = PBXBuildFile; fileRef = D6B2910D13C56A320057CA4D /* station_info.json */; };
		D6B2913013C56BA80057CA4D /* YAJLiOS.framework in Frameworks */ = {isa = PBXBuildFile; fileRef = D6B2912F13C56BA80057CA4D /* YAJLiOS.framework */; };
		D6E56B4913D1D9D000399FC6 /* LocationDark.png in Resources */ = {isa = PBXBuildFile; fileRef = D6E56B4713D1D9D000399FC6 /* LocationDark.png */; };
		D6E56B4A13D1D9D000399FC6 /* LocationDark@2x.png in Resources */ = {isa = PBXBuildFile; fileRef = D6E56B4813D1D9D000399FC6 /* LocationDark@2x.png */; };
		D6E56B4C13D1DA5000399FC6 /* Location.png in Resources */ = {isa = PBXBuildFile; fileRef = D6E56B4B13D1DA5000399FC6 /* Location.png */; };
		D6E56B4E13D1DA5900399FC6 /* Location@2x.png in Resources */ = {isa = PBXBuildFile; fileRef = D6E56B4D13D1DA5900399FC6 /* Location@2x.png */; };
		D6E56B5013D1DAED00399FC6 /* LocationLarge.png in Resources */ = {isa = PBXBuildFile; fileRef = D6E56B4F13D1DAED00399FC6 /* LocationLarge.png */; };
/* End PBXBuildFile section */

/* Begin PBXFileReference section */
		1D30AB110D05D00D00671497 /* Foundation.framework */ = {isa = PBXFileReference; lastKnownFileType = wrapper.framework; name = Foundation.framework; path = System/Library/Frameworks/Foundation.framework; sourceTree = SDKROOT; };
		1D3623240D0F684500981E51 /* DWMBAppDelegate.h */ = {isa = PBXFileReference; fileEncoding = 4; lastKnownFileType = sourcecode.c.h; path = DWMBAppDelegate.h; sourceTree = "<group>"; };
		1D3623250D0F684500981E51 /* DWMBAppDelegate.m */ = {isa = PBXFileReference; fileEncoding = 4; lastKnownFileType = sourcecode.c.objc; path = DWMBAppDelegate.m; sourceTree = "<group>"; };
		1D6058910D05DD3D006BFB54 /* DWMB.app */ = {isa = PBXFileReference; explicitFileType = wrapper.application; includeInIndex = 0; path = DWMB.app; sourceTree = BUILT_PRODUCTS_DIR; };
		1DF5F4DF0D08C38300B7A737 /* UIKit.framework */ = {isa = PBXFileReference; lastKnownFileType = wrapper.framework; name = UIKit.framework; path = System/Library/Frameworks/UIKit.framework; sourceTree = SDKROOT; };
		2892E40F0DC94CBA00A64D0F /* CoreGraphics.framework */ = {isa = PBXFileReference; lastKnownFileType = wrapper.framework; name = CoreGraphics.framework; path = System/Library/Frameworks/CoreGraphics.framework; sourceTree = SDKROOT; };
		28A0AAE50D9B0CCF005BE974 /* DWMB_Prefix.pch */ = {isa = PBXFileReference; fileEncoding = 4; lastKnownFileType = sourcecode.c.h; path = DWMB_Prefix.pch; sourceTree = "<group>"; };
		28AD735F0D9D9599002E5188 /* MainWindow.xib */ = {isa = PBXFileReference; lastKnownFileType = file.xib; path = MainWindow.xib; sourceTree = "<group>"; };
		28C286DF0D94DF7D0034E888 /* StationsTVC.h */ = {isa = PBXFileReference; fileEncoding = 4; lastKnownFileType = sourcecode.c.h; path = StationsTVC.h; sourceTree = "<group>"; };
		28C286E00D94DF7D0034E888 /* StationsTVC.m */ = {isa = PBXFileReference; fileEncoding = 4; lastKnownFileType = sourcecode.c.objc; path = StationsTVC.m; sourceTree = "<group>"; };
		28F335F01007B36200424DE2 /* RootViewController.xib */ = {isa = PBXFileReference; lastKnownFileType = file.xib; path = RootViewController.xib; sourceTree = "<group>"; };
		29B97316FDCFA39411CA2CEA /* main.m */ = {isa = PBXFileReference; fileEncoding = 4; lastKnownFileType = sourcecode.c.objc; path = main.m; sourceTree = "<group>"; };
		8D1107310486CEB800E47090 /* DWMB-Info.plist */ = {isa = PBXFileReference; fileEncoding = 4; lastKnownFileType = text.plist.xml; path = "DWMB-Info.plist"; plistStructureDefinitionIdentifier = "com.apple.xcode.plist.structure-definition.iphone.info-plist"; sourceTree = "<group>"; };
		D631C1DF13C56E17006D020F /* Station.h */ = {isa = PBXFileReference; fileEncoding = 4; lastKnownFileType = sourcecode.c.h; path = Station.h; sourceTree = "<group>"; };
		D631C1E013C56E17006D020F /* Station.m */ = {isa = PBXFileReference; fileEncoding = 4; lastKnownFileType = sourcecode.c.objc; path = Station.m; sourceTree = "<group>"; };
		D631C28813C5769D006D020F /* UpcomingDeparturesTVC.h */ = {isa = PBXFileReference; fileEncoding = 4; lastKnownFileType = sourcecode.c.h; path = UpcomingDeparturesTVC.h; sourceTree = "<group>"; };
		D631C28913C5769D006D020F /* UpcomingDeparturesTVC.m */ = {isa = PBXFileReference; fileEncoding = 4; lastKnownFileType = sourcecode.c.objc; path = UpcomingDeparturesTVC.m; sourceTree = "<group>"; };
		D64608F213CA5C1400604011 /* BART shear.png */ = {isa = PBXFileReference; lastKnownFileType = image.png; path = "BART shear.png"; sourceTree = "<group>"; };
		D64609F513CA9E4200604011 /* icon.png */ = {isa = PBXFileReference; lastKnownFileType = image.png; path = icon.png; sourceTree = "<group>"; };
		D6460A4B13CAA22B00604011 /* Default.png */ = {isa = PBXFileReference; lastKnownFileType = image.png; path = Default.png; sourceTree = "<group>"; };
		D64CB45813C7E20F0051FE31 /* RootViewController.h */ = {isa = PBXFileReference; fileEncoding = 4; lastKnownFileType = sourcecode.c.h; path = RootViewController.h; sourceTree = "<group>"; };
		D64CB45913C7E20F0051FE31 /* RootViewController.m */ = {isa = PBXFileReference; fileEncoding = 4; lastKnownFileType = sourcecode.c.objc; path = RootViewController.m; sourceTree = "<group>"; };
		D669C69A148D5994001D13C1 /* DWMB Frankified.app */ = {isa = PBXFileReference; explicitFileType = wrapper.application; includeInIndex = 0; path = "DWMB Frankified.app"; sourceTree = BUILT_PRODUCTS_DIR; };
		D669C6A9148D5A00001D13C1 /* frank_static_resources.bundle */ = {isa = PBXFileReference; lastKnownFileType = "wrapper.plug-in"; path = frank_static_resources.bundle; sourceTree = "<group>"; };
		D669C6AA148D5A00001D13C1 /* libFrank.a */ = {isa = PBXFileReference; lastKnownFileType = archive.ar; path = libFrank.a; sourceTree = "<group>"; };
		D669C6AB148D5A00001D13C1 /* libShelley.a */ = {isa = PBXFileReference; lastKnownFileType = archive.ar; path = libShelley.a; sourceTree = "<group>"; };
		D669C6B2148D5A19001D13C1 /* CFNetwork.framework */ = {isa = PBXFileReference; lastKnownFileType = wrapper.framework; name = CFNetwork.framework; path = System/Library/Frameworks/CFNetwork.framework; sourceTree = SDKROOT; };
		D671891313C5782800C90953 /* GTMHTTPFetcher.h */ = {isa = PBXFileReference; fileEncoding = 4; lastKnownFileType = sourcecode.c.h; name = GTMHTTPFetcher.h; path = Frameworks/GTMHTTPFetcher.h; sourceTree = "<group>"; };
		D671891413C5782800C90953 /* GTMHTTPFetcher.m */ = {isa = PBXFileReference; fileEncoding = 4; lastKnownFileType = sourcecode.c.objc; name = GTMHTTPFetcher.m; path = Frameworks/GTMHTTPFetcher.m; sourceTree = "<group>"; };
		D671891513C5782800C90953 /* GTMHTTPFetcherLogging.h */ = {isa = PBXFileReference; fileEncoding = 4; lastKnownFileType = sourcecode.c.h; name = GTMHTTPFetcherLogging.h; path = Frameworks/GTMHTTPFetcherLogging.h; sourceTree = "<group>"; };
		D671891613C5782800C90953 /* GTMHTTPFetcherLogging.m */ = {isa = PBXFileReference; fileEncoding = 4; lastKnownFileType = sourcecode.c.objc; name = GTMHTTPFetcherLogging.m; path = Frameworks/GTMHTTPFetcherLogging.m; sourceTree = "<group>"; };
		D6718BB613C598D900C90953 /* CoreLocation.framework */ = {isa = PBXFileReference; lastKnownFileType = wrapper.framework; name = CoreLocation.framework; path = System/Library/Frameworks/CoreLocation.framework; sourceTree = SDKROOT; };
		D6B2910D13C56A320057CA4D /* station_info.json */ = {isa = PBXFileReference; fileEncoding = 4; lastKnownFileType = text; path = station_info.json; sourceTree = "<group>"; };
		D6B2912F13C56BA80057CA4D /* YAJLiOS.framework */ = {isa = PBXFileReference; lastKnownFileType = wrapper.framework; name = YAJLiOS.framework; path = Frameworks/YAJLiOS.framework; sourceTree = "<group>"; };
		D6E56B4713D1D9D000399FC6 /* LocationDark.png */ = {isa = PBXFileReference; lastKnownFileType = image.png; path = LocationDark.png; sourceTree = "<group>"; };
		D6E56B4813D1D9D000399FC6 /* LocationDark@2x.png */ = {isa = PBXFileReference; lastKnownFileType = image.png; path = "LocationDark@2x.png"; sourceTree = "<group>"; };
		D6E56B4B13D1DA5000399FC6 /* Location.png */ = {isa = PBXFileReference; lastKnownFileType = image.png; path = Location.png; sourceTree = "<group>"; };
		D6E56B4D13D1DA5900399FC6 /* Location@2x.png */ = {isa = PBXFileReference; lastKnownFileType = image.png; path = "Location@2x.png"; sourceTree = "<group>"; };
		D6E56B4F13D1DAED00399FC6 /* LocationLarge.png */ = {isa = PBXFileReference; lastKnownFileType = image.png; path = LocationLarge.png; sourceTree = "<group>"; };
/* End PBXFileReference section */

/* Begin PBXFrameworksBuildPhase section */
		1D60588F0D05DD3D006BFB54 /* Frameworks */ = {
			isa = PBXFrameworksBuildPhase;
			buildActionMask = 2147483647;
			files = (
				1D60589F0D05DD5A006BFB54 /* Foundation.framework in Frameworks */,
				1DF5F4E00D08C38300B7A737 /* UIKit.framework in Frameworks */,
				2892E4100DC94CBA00A64D0F /* CoreGraphics.framework in Frameworks */,
				D6B2913013C56BA80057CA4D /* YAJLiOS.framework in Frameworks */,
				D6718BB713C598D900C90953 /* CoreLocation.framework in Frameworks */,
			);
			runOnlyForDeploymentPostprocessing = 0;
		};
		D669C691148D5994001D13C1 /* Frameworks */ = {
			isa = PBXFrameworksBuildPhase;
			buildActionMask = 2147483647;
			files = (
				D669C6B3148D5A19001D13C1 /* CFNetwork.framework in Frameworks */,
				D669C692148D5994001D13C1 /* Foundation.framework in Frameworks */,
				D669C693148D5994001D13C1 /* UIKit.framework in Frameworks */,
				D669C694148D5994001D13C1 /* CoreGraphics.framework in Frameworks */,
				D669C695148D5994001D13C1 /* YAJLiOS.framework in Frameworks */,
				D669C696148D5994001D13C1 /* CoreLocation.framework in Frameworks */,
				D669C6B0148D5A00001D13C1 /* libFrank.a in Frameworks */,
				D669C6B1148D5A00001D13C1 /* libShelley.a in Frameworks */,
			);
			runOnlyForDeploymentPostprocessing = 0;
		};
/* End PBXFrameworksBuildPhase section */

/* Begin PBXGroup section */
		080E96DDFE201D6D7F000001 /* Classes */ = {
			isa = PBXGroup;
			children = (
				28C286DF0D94DF7D0034E888 /* StationsTVC.h */,
				28C286E00D94DF7D0034E888 /* StationsTVC.m */,
				1D3623240D0F684500981E51 /* DWMBAppDelegate.h */,
				1D3623250D0F684500981E51 /* DWMBAppDelegate.m */,
				D631C1DF13C56E17006D020F /* Station.h */,
				D631C1E013C56E17006D020F /* Station.m */,
				D631C28813C5769D006D020F /* UpcomingDeparturesTVC.h */,
				D631C28913C5769D006D020F /* UpcomingDeparturesTVC.m */,
				D64CB45813C7E20F0051FE31 /* RootViewController.h */,
				D64CB45913C7E20F0051FE31 /* RootViewController.m */,
			);
			path = Classes;
			sourceTree = "<group>";
		};
		19C28FACFE9D520D11CA2CBB /* Products */ = {
			isa = PBXGroup;
			children = (
				1D6058910D05DD3D006BFB54 /* DWMB.app */,
				D669C69A148D5994001D13C1 /* DWMB Frankified.app */,
			);
			name = Products;
			sourceTree = "<group>";
		};
		29B97314FDCFA39411CA2CEA /* CustomTemplate */ = {
			isa = PBXGroup;
			children = (
				D669C6B2148D5A19001D13C1 /* CFNetwork.framework */,
				D669C6A2148D5A00001D13C1 /* Frank */,
				D671890A13C5780800C90953 /* 3rd Party */,
				080E96DDFE201D6D7F000001 /* Classes */,
				29B97315FDCFA39411CA2CEA /* Other Sources */,
				29B97317FDCFA39411CA2CEA /* Resources */,
				29B97323FDCFA39411CA2CEA /* Frameworks */,
				19C28FACFE9D520D11CA2CBB /* Products */,
			);
			name = CustomTemplate;
			sourceTree = "<group>";
		};
		29B97315FDCFA39411CA2CEA /* Other Sources */ = {
			isa = PBXGroup;
			children = (
				28A0AAE50D9B0CCF005BE974 /* DWMB_Prefix.pch */,
				29B97316FDCFA39411CA2CEA /* main.m */,
			);
			name = "Other Sources";
			sourceTree = "<group>";
		};
		29B97317FDCFA39411CA2CEA /* Resources */ = {
			isa = PBXGroup;
			children = (
				D6E56B4F13D1DAED00399FC6 /* LocationLarge.png */,
				D6E56B4D13D1DA5900399FC6 /* Location@2x.png */,
				D6E56B4B13D1DA5000399FC6 /* Location.png */,
				D6E56B4713D1D9D000399FC6 /* LocationDark.png */,
				D6E56B4813D1D9D000399FC6 /* LocationDark@2x.png */,
				D6460A4B13CAA22B00604011 /* Default.png */,
				D64609F513CA9E4200604011 /* icon.png */,
				D64608F213CA5C1400604011 /* BART shear.png */,
				D6B2910D13C56A320057CA4D /* station_info.json */,
				28F335F01007B36200424DE2 /* RootViewController.xib */,
				28AD735F0D9D9599002E5188 /* MainWindow.xib */,
				8D1107310486CEB800E47090 /* DWMB-Info.plist */,
			);
			name = Resources;
			sourceTree = "<group>";
		};
		29B97323FDCFA39411CA2CEA /* Frameworks */ = {
			isa = PBXGroup;
			children = (
				1DF5F4DF0D08C38300B7A737 /* UIKit.framework */,
				1D30AB110D05D00D00671497 /* Foundation.framework */,
				2892E40F0DC94CBA00A64D0F /* CoreGraphics.framework */,
				D6B2912F13C56BA80057CA4D /* YAJLiOS.framework */,
				D6718BB613C598D900C90953 /* CoreLocation.framework */,
			);
			name = Frameworks;
			sourceTree = "<group>";
		};
		D669C6A2148D5A00001D13C1 /* Frank */ = {
			isa = PBXGroup;
			children = (
				D669C6A9148D5A00001D13C1 /* frank_static_resources.bundle */,
				D669C6AA148D5A00001D13C1 /* libFrank.a */,
				D669C6AB148D5A00001D13C1 /* libShelley.a */,
			);
			path = Frank;
			sourceTree = "<group>";
		};
		D671890A13C5780800C90953 /* 3rd Party */ = {
			isa = PBXGroup;
			children = (
				D671891313C5782800C90953 /* GTMHTTPFetcher.h */,
				D671891413C5782800C90953 /* GTMHTTPFetcher.m */,
				D671891513C5782800C90953 /* GTMHTTPFetcherLogging.h */,
				D671891613C5782800C90953 /* GTMHTTPFetcherLogging.m */,
			);
			name = "3rd Party";
			sourceTree = "<group>";
		};
/* End PBXGroup section */

/* Begin PBXNativeTarget section */
		1D6058900D05DD3D006BFB54 /* DWMB */ = {
			isa = PBXNativeTarget;
			buildConfigurationList = 1D6058960D05DD3E006BFB54 /* Build configuration list for PBXNativeTarget "DWMB" */;
			buildPhases = (
				1D60588D0D05DD3D006BFB54 /* Resources */,
				1D60588E0D05DD3D006BFB54 /* Sources */,
				1D60588F0D05DD3D006BFB54 /* Frameworks */,
			);
			buildRules = (
			);
			dependencies = (
			);
			name = DWMB;
			productName = DWMB;
			productReference = 1D6058910D05DD3D006BFB54 /* DWMB.app */;
			productType = "com.apple.product-type.application";
		};
		D669C67B148D5994001D13C1 /* DWMB Frankified */ = {
			isa = PBXNativeTarget;
			buildConfigurationList = D669C697148D5994001D13C1 /* Build configuration list for PBXNativeTarget "DWMB Frankified" */;
			buildPhases = (
				D669C67C148D5994001D13C1 /* Resources */,
				D669C688148D5994001D13C1 /* Sources */,
				D669C691148D5994001D13C1 /* Frameworks */,
				D669C6B4148D5C0D001D13C1 /* ShellScript */,
			);
			buildRules = (
			);
			dependencies = (
			);
			name = "DWMB Frankified";
			productName = DWMB;
			productReference = D669C69A148D5994001D13C1 /* DWMB Frankified.app */;
			productType = "com.apple.product-type.application";
		};
/* End PBXNativeTarget section */

/* Begin PBXProject section */
		29B97313FDCFA39411CA2CEA /* Project object */ = {
			isa = PBXProject;
			attributes = {
				ORGANIZATIONNAME = "Pete Hodgson";
			};
			buildConfigurationList = C01FCF4E08A954540054247B /* Build configuration list for PBXProject "DWMB" */;
			compatibilityVersion = "Xcode 3.1";
			developmentRegion = English;
			hasScannedForEncodings = 1;
			knownRegions = (
				English,
				Japanese,
				French,
				German,
				en,
			);
			mainGroup = 29B97314FDCFA39411CA2CEA /* CustomTemplate */;
			projectDirPath = "";
			projectRoot = "";
			targets = (
				1D6058900D05DD3D006BFB54 /* DWMB */,
				D669C67B148D5994001D13C1 /* DWMB Frankified */,
			);
		};
/* End PBXProject section */

/* Begin PBXResourcesBuildPhase section */
		1D60588D0D05DD3D006BFB54 /* Resources */ = {
			isa = PBXResourcesBuildPhase;
			buildActionMask = 2147483647;
			files = (
				28AD73600D9D9599002E5188 /* MainWindow.xib in Resources */,
				28F335F11007B36200424DE2 /* RootViewController.xib in Resources */,
				D6B2910E13C56A320057CA4D /* station_info.json in Resources */,
				D64608F313CA5C1400604011 /* BART shear.png in Resources */,
				D64609F713CA9E4200604011 /* icon.png in Resources */,
				D6460A4C13CAA22B00604011 /* Default.png in Resources */,
				D6E56B4913D1D9D000399FC6 /* LocationDark.png in Resources */,
				D6E56B4A13D1D9D000399FC6 /* LocationDark@2x.png in Resources */,
				D6E56B4C13D1DA5000399FC6 /* Location.png in Resources */,
				D6E56B4E13D1DA5900399FC6 /* Location@2x.png in Resources */,
				D6E56B5013D1DAED00399FC6 /* LocationLarge.png in Resources */,
			);
			runOnlyForDeploymentPostprocessing = 0;
		};
		D669C67C148D5994001D13C1 /* Resources */ = {
			isa = PBXResourcesBuildPhase;
			buildActionMask = 2147483647;
			files = (
				D669C67D148D5994001D13C1 /* MainWindow.xib in Resources */,
				D669C67E148D5994001D13C1 /* RootViewController.xib in Resources */,
				D669C67F148D5994001D13C1 /* station_info.json in Resources */,
				D669C680148D5994001D13C1 /* BART shear.png in Resources */,
				D669C681148D5994001D13C1 /* icon.png in Resources */,
				D669C682148D5994001D13C1 /* Default.png in Resources */,
				D669C683148D5994001D13C1 /* LocationDark.png in Resources */,
				D669C684148D5994001D13C1 /* LocationDark@2x.png in Resources */,
				D669C685148D5994001D13C1 /* Location.png in Resources */,
				D669C686148D5994001D13C1 /* Location@2x.png in Resources */,
				D669C687148D5994001D13C1 /* LocationLarge.png in Resources */,
				D669C6AF148D5A00001D13C1 /* frank_static_resources.bundle in Resources */,
			);
			runOnlyForDeploymentPostprocessing = 0;
		};
/* End PBXResourcesBuildPhase section */

/* Begin PBXShellScriptBuildPhase section */
		D669C6B4148D5C0D001D13C1 /* ShellScript */ = {
			isa = PBXShellScriptBuildPhase;
			buildActionMask = 2147483647;
			files = (
			);
			inputPaths = (
			);
			outputPaths = (
			);
			runOnlyForDeploymentPostprocessing = 0;
			shellPath = /bin/sh;
			shellScript = "echo APP_BUNDLE_PATH=\\\"$BUILT_PRODUCTS_DIR/$EXECUTABLE_NAME.app\\\" > $SRCROOT/../../features/support/bundle_path.rb";
		};
/* End PBXShellScriptBuildPhase section */

/* Begin PBXSourcesBuildPhase section */
		1D60588E0D05DD3D006BFB54 /* Sources */ = {
			isa = PBXSourcesBuildPhase;
			buildActionMask = 2147483647;
			files = (
				1D60589B0D05DD56006BFB54 /* main.m in Sources */,
				1D3623260D0F684500981E51 /* DWMBAppDelegate.m in Sources */,
				28C286E10D94DF7D0034E888 /* StationsTVC.m in Sources */,
				D631C1E113C56E17006D020F /* Station.m in Sources */,
				D631C28A13C5769D006D020F /* UpcomingDeparturesTVC.m in Sources */,
				D671891713C5782800C90953 /* GTMHTTPFetcher.m in Sources */,
				D671891813C5782800C90953 /* GTMHTTPFetcherLogging.m in Sources */,
				D64CB45A13C7E20F0051FE31 /* RootViewController.m in Sources */,
			);
			runOnlyForDeploymentPostprocessing = 0;
		};
		D669C688148D5994001D13C1 /* Sources */ = {
			isa = PBXSourcesBuildPhase;
			buildActionMask = 2147483647;
			files = (
				D669C689148D5994001D13C1 /* main.m in Sources */,
				D669C68A148D5994001D13C1 /* DWMBAppDelegate.m in Sources */,
				D669C68B148D5994001D13C1 /* StationsTVC.m in Sources */,
				D669C68C148D5994001D13C1 /* Station.m in Sources */,
				D669C68D148D5994001D13C1 /* UpcomingDeparturesTVC.m in Sources */,
				D669C68E148D5994001D13C1 /* GTMHTTPFetcher.m in Sources */,
				D669C68F148D5994001D13C1 /* GTMHTTPFetcherLogging.m in Sources */,
				D669C690148D5994001D13C1 /* RootViewController.m in Sources */,
			);
			runOnlyForDeploymentPostprocessing = 0;
		};
/* End PBXSourcesBuildPhase section */

/* Begin XCBuildConfiguration section */
		1D6058940D05DD3E006BFB54 /* Debug */ = {
			isa = XCBuildConfiguration;
			buildSettings = {
				ALWAYS_SEARCH_USER_PATHS = NO;
				"CODE_SIGN_IDENTITY[sdk=iphoneos*]" = "Don't Code Sign";
				COPY_PHASE_STRIP = NO;
				FRAMEWORK_SEARCH_PATHS = (
					"$(inherited)",
					"\"$(SRCROOT)/Frameworks\"",
				);
				GCC_DYNAMIC_NO_PIC = NO;
				GCC_OPTIMIZATION_LEVEL = 0;
				GCC_PRECOMPILE_PREFIX_HEADER = YES;
				GCC_PREFIX_HEADER = DWMB_Prefix.pch;
				INFOPLIST_FILE = "DWMB-Info.plist";
				PRODUCT_NAME = DWMB;
				"PROVISIONING_PROFILE[sdk=iphoneos*]" = "";
			};
			name = Debug;
		};
		1D6058950D05DD3E006BFB54 /* Release */ = {
			isa = XCBuildConfiguration;
			buildSettings = {
				ALWAYS_SEARCH_USER_PATHS = NO;
				"CODE_SIGN_IDENTITY[sdk=iphoneos*]" = "iPhone Distribution";
				COPY_PHASE_STRIP = YES;
				FRAMEWORK_SEARCH_PATHS = (
					"$(inherited)",
					"\"$(SRCROOT)/Frameworks\"",
				);
				GCC_PRECOMPILE_PREFIX_HEADER = YES;
				GCC_PREFIX_HEADER = DWMB_Prefix.pch;
				INFOPLIST_FILE = "DWMB-Info.plist";
				PRODUCT_NAME = DWMB;
				"PROVISIONING_PROFILE[sdk=iphoneos*]" = "";
				VALIDATE_PRODUCT = YES;
			};
			name = Release;
		};
		C01FCF4F08A954540054247B /* Debug */ = {
			isa = XCBuildConfiguration;
			buildSettings = {
				ARCHS = "$(ARCHS_STANDARD_32_BIT)";
				"CODE_SIGN_IDENTITY[sdk=iphoneos*]" = "iPhone Developer";
				FRAMEWORK_SEARCH_PATHS = Frameworks;
				GCC_C_LANGUAGE_STANDARD = c99;
				GCC_WARN_ABOUT_RETURN_TYPE = YES;
				GCC_WARN_UNUSED_VARIABLE = YES;
				IPHONEOS_DEPLOYMENT_TARGET = 4.0;
				OTHER_LDFLAGS = (
					"-ObjC",
					"-all_load",
				);
				PREBINDING = NO;
				SDKROOT = iphoneos;
			};
			name = Debug;
		};
		C01FCF5008A954540054247B /* Release */ = {
			isa = XCBuildConfiguration;
			buildSettings = {
				ARCHS = "$(ARCHS_STANDARD_32_BIT)";
				"CODE_SIGN_IDENTITY[sdk=iphoneos*]" = "iPhone Developer";
				FRAMEWORK_SEARCH_PATHS = Frameworks;
				GCC_C_LANGUAGE_STANDARD = c99;
				GCC_WARN_ABOUT_RETURN_TYPE = YES;
				GCC_WARN_UNUSED_VARIABLE = YES;
				IPHONEOS_DEPLOYMENT_TARGET = 4.0;
				OTHER_CFLAGS = "-DNS_BLOCK_ASSERTIONS=1";
				OTHER_LDFLAGS = (
					"-ObjC",
					"-all_load",
				);
				PREBINDING = NO;
				SDKROOT = iphoneos;
			};
			name = Release;
		};
		D669C698148D5994001D13C1 /* Debug */ = {
			isa = XCBuildConfiguration;
			buildSettings = {
				ALWAYS_SEARCH_USER_PATHS = NO;
				"CODE_SIGN_IDENTITY[sdk=iphoneos*]" = "Don't Code Sign";
				COPY_PHASE_STRIP = NO;
				FRAMEWORK_SEARCH_PATHS = (
					"$(inherited)",
					"\"$(SRCROOT)/Frameworks\"",
				);
				GCC_DYNAMIC_NO_PIC = NO;
				GCC_OPTIMIZATION_LEVEL = 0;
				GCC_PRECOMPILE_PREFIX_HEADER = YES;
				GCC_PREFIX_HEADER = DWMB_Prefix.pch;
				INFOPLIST_FILE = "DWMB copy-Info.plist";
				LIBRARY_SEARCH_PATHS = (
					"$(inherited)",
					"\"$(SRCROOT)/Frank\"",
				);
				PRODUCT_NAME = "DWMB Frankified";
				"PROVISIONING_PROFILE[sdk=iphoneos*]" = "";
			};
			name = Debug;
		};
		D669C699148D5994001D13C1 /* Release */ = {
			isa = XCBuildConfiguration;
			buildSettings = {
				ALWAYS_SEARCH_USER_PATHS = NO;
				"CODE_SIGN_IDENTITY[sdk=iphoneos*]" = "iPhone Distribution";
				COPY_PHASE_STRIP = YES;
				FRAMEWORK_SEARCH_PATHS = (
					"$(inherited)",
					"\"$(SRCROOT)/Frameworks\"",
				);
				GCC_PRECOMPILE_PREFIX_HEADER = YES;
				GCC_PREFIX_HEADER = DWMB_Prefix.pch;
				INFOPLIST_FILE = "DWMB copy-Info.plist";
				LIBRARY_SEARCH_PATHS = (
					"$(inherited)",
					"\"$(SRCROOT)/Frank\"",
				);
				PRODUCT_NAME = "DWMB Frankified";
				"PROVISIONING_PROFILE[sdk=iphoneos*]" = "";
				VALIDATE_PRODUCT = YES;
			};
			name = Release;
		};
/* End XCBuildConfiguration section */

/* Begin XCConfigurationList section */
		1D6058960D05DD3E006BFB54 /* Build configuration list for PBXNativeTarget "DWMB" */ = {
			isa = XCConfigurationList;
			buildConfigurations = (
				1D6058940D05DD3E006BFB54 /* Debug */,
				1D6058950D05DD3E006BFB54 /* Release */,
			);
			defaultConfigurationIsVisible = 0;
			defaultConfigurationName = Release;
		};
		C01FCF4E08A954540054247B /* Build configuration list for PBXProject "DWMB" */ = {
			isa = XCConfigurationList;
			buildConfigurations = (
				C01FCF4F08A954540054247B /* Debug */,
				C01FCF5008A954540054247B /* Release */,
			);
			defaultConfigurationIsVisible = 0;
			defaultConfigurationName = Release;
		};
		D669C697148D5994001D13C1 /* Build configuration list for PBXNativeTarget "DWMB Frankified" */ = {
			isa = XCConfigurationList;
			buildConfigurations = (
				D669C698148D5994001D13C1 /* Debug */,
				D669C699148D5994001D13C1 /* Release */,
			);
			defaultConfigurationIsVisible = 0;
			defaultConfigurationName = Release;
		};
/* End XCConfigurationList section */
	};
	rootObject = 29B97313FDCFA39411CA2CEA /* Project object */;
}
